// !$*UTF8*$!
{
	archiveVersion = 1;
	classes = {
	};
	objectVersion = 56;
	objects = {

/* Begin PBXBuildFile section */
		6A5B06FA2AD9E94400954723 /* TreasureQuestApp.swift in Sources */ = {isa = PBXBuildFile; fileRef = 6A5B06F92AD9E94400954723 /* TreasureQuestApp.swift */; };
		6A5B06FC2AD9E94400954723 /* ContentView.swift in Sources */ = {isa = PBXBuildFile; fileRef = 6A5B06FB2AD9E94400954723 /* ContentView.swift */; };
		6A5B06FE2AD9E94500954723 /* Assets.xcassets in Resources */ = {isa = PBXBuildFile; fileRef = 6A5B06FD2AD9E94500954723 /* Assets.xcassets */; };
		6A5B07012AD9E94500954723 /* Preview Assets.xcassets in Resources */ = {isa = PBXBuildFile; fileRef = 6A5B07002AD9E94500954723 /* Preview Assets.xcassets */; };
		6A5B070B2AD9E94500954723 /* TreasureQuestTests.swift in Sources */ = {isa = PBXBuildFile; fileRef = 6A5B070A2AD9E94500954723 /* TreasureQuestTests.swift */; };
		6A5B07152AD9E94500954723 /* TreasureQuestUITests.swift in Sources */ = {isa = PBXBuildFile; fileRef = 6A5B07142AD9E94500954723 /* TreasureQuestUITests.swift */; };
		6A5B07172AD9E94500954723 /* TreasureQuestUITestsLaunchTests.swift in Sources */ = {isa = PBXBuildFile; fileRef = 6A5B07162AD9E94500954723 /* TreasureQuestUITestsLaunchTests.swift */; };
		6A5B07242ADA186100954723 /* ButtonStyle.swift in Sources */ = {isa = PBXBuildFile; fileRef = 6A5B07232ADA186100954723 /* ButtonStyle.swift */; };
		6AD512732ADB665500DB4601 /* PlayView.swift in Sources */ = {isa = PBXBuildFile; fileRef = 6AD512722ADB665500DB4601 /* PlayView.swift */; };
		6AD512762ADB741A00DB4601 /* TreasureColor.swift in Sources */ = {isa = PBXBuildFile; fileRef = 6AD512752ADB741A00DB4601 /* TreasureColor.swift */; };
/* End PBXBuildFile section */

/* Begin PBXContainerItemProxy section */
		6A5B07072AD9E94500954723 /* PBXContainerItemProxy */ = {
			isa = PBXContainerItemProxy;
			containerPortal = 6A5B06EE2AD9E94400954723 /* Project object */;
			proxyType = 1;
			remoteGlobalIDString = 6A5B06F52AD9E94400954723;
			remoteInfo = TreasureQuest;
		};
		6A5B07112AD9E94500954723 /* PBXContainerItemProxy */ = {
			isa = PBXContainerItemProxy;
			containerPortal = 6A5B06EE2AD9E94400954723 /* Project object */;
			proxyType = 1;
			remoteGlobalIDString = 6A5B06F52AD9E94400954723;
			remoteInfo = TreasureQuest;
		};
/* End PBXContainerItemProxy section */

/* Begin PBXFileReference section */
		6A5B06F62AD9E94400954723 /* TreasureQuest.app */ = {isa = PBXFileReference; explicitFileType = wrapper.application; includeInIndex = 0; path = TreasureQuest.app; sourceTree = BUILT_PRODUCTS_DIR; };
		6A5B06F92AD9E94400954723 /* TreasureQuestApp.swift */ = {isa = PBXFileReference; lastKnownFileType = sourcecode.swift; path = TreasureQuestApp.swift; sourceTree = "<group>"; };
		6A5B06FB2AD9E94400954723 /* ContentView.swift */ = {isa = PBXFileReference; lastKnownFileType = sourcecode.swift; path = ContentView.swift; sourceTree = "<group>"; };
		6A5B06FD2AD9E94500954723 /* Assets.xcassets */ = {isa = PBXFileReference; lastKnownFileType = folder.assetcatalog; path = Assets.xcassets; sourceTree = "<group>"; };
		6A5B07002AD9E94500954723 /* Preview Assets.xcassets */ = {isa = PBXFileReference; lastKnownFileType = folder.assetcatalog; path = "Preview Assets.xcassets"; sourceTree = "<group>"; };
		6A5B07062AD9E94500954723 /* TreasureQuestTests.xctest */ = {isa = PBXFileReference; explicitFileType = wrapper.cfbundle; includeInIndex = 0; path = TreasureQuestTests.xctest; sourceTree = BUILT_PRODUCTS_DIR; };
		6A5B070A2AD9E94500954723 /* TreasureQuestTests.swift */ = {isa = PBXFileReference; lastKnownFileType = sourcecode.swift; path = TreasureQuestTests.swift; sourceTree = "<group>"; };
		6A5B07102AD9E94500954723 /* TreasureQuestUITests.xctest */ = {isa = PBXFileReference; explicitFileType = wrapper.cfbundle; includeInIndex = 0; path = TreasureQuestUITests.xctest; sourceTree = BUILT_PRODUCTS_DIR; };
		6A5B07142AD9E94500954723 /* TreasureQuestUITests.swift */ = {isa = PBXFileReference; lastKnownFileType = sourcecode.swift; path = TreasureQuestUITests.swift; sourceTree = "<group>"; };
		6A5B07162AD9E94500954723 /* TreasureQuestUITestsLaunchTests.swift */ = {isa = PBXFileReference; lastKnownFileType = sourcecode.swift; path = TreasureQuestUITestsLaunchTests.swift; sourceTree = "<group>"; };
		6A5B07232ADA186100954723 /* ButtonStyle.swift */ = {isa = PBXFileReference; lastKnownFileType = sourcecode.swift; path = ButtonStyle.swift; sourceTree = "<group>"; };
		6AD512722ADB665500DB4601 /* PlayView.swift */ = {isa = PBXFileReference; lastKnownFileType = sourcecode.swift; path = PlayView.swift; sourceTree = "<group>"; };
		6AD512752ADB741A00DB4601 /* TreasureColor.swift */ = {isa = PBXFileReference; lastKnownFileType = sourcecode.swift; path = TreasureColor.swift; sourceTree = "<group>"; };
/* End PBXFileReference section */

/* Begin PBXFrameworksBuildPhase section */
		6A5B06F32AD9E94400954723 /* Frameworks */ = {
			isa = PBXFrameworksBuildPhase;
			buildActionMask = 2147483647;
			files = (
			);
			runOnlyForDeploymentPostprocessing = 0;
		};
		6A5B07032AD9E94500954723 /* Frameworks */ = {
			isa = PBXFrameworksBuildPhase;
			buildActionMask = 2147483647;
			files = (
			);
			runOnlyForDeploymentPostprocessing = 0;
		};
		6A5B070D2AD9E94500954723 /* Frameworks */ = {
			isa = PBXFrameworksBuildPhase;
			buildActionMask = 2147483647;
			files = (
			);
			runOnlyForDeploymentPostprocessing = 0;
		};
/* End PBXFrameworksBuildPhase section */

/* Begin PBXGroup section */
		6A5B06ED2AD9E94400954723 = {
			isa = PBXGroup;
			children = (
				6A5B06F82AD9E94400954723 /* TreasureQuest */,
				6A5B07092AD9E94500954723 /* TreasureQuestTests */,
				6A5B07132AD9E94500954723 /* TreasureQuestUITests */,
				6A5B06F72AD9E94400954723 /* Products */,
			);
			sourceTree = "<group>";
		};
		6A5B06F72AD9E94400954723 /* Products */ = {
			isa = PBXGroup;
			children = (
				6A5B06F62AD9E94400954723 /* TreasureQuest.app */,
				6A5B07062AD9E94500954723 /* TreasureQuestTests.xctest */,
				6A5B07102AD9E94500954723 /* TreasureQuestUITests.xctest */,
			);
			name = Products;
			sourceTree = "<group>";
		};
		6A5B06F82AD9E94400954723 /* TreasureQuest */ = {
			isa = PBXGroup;
			children = (
				6AD512702ADAFCCD00DB4601 /* Util */,
				6AD5126F2ADAFCAE00DB4601 /* View */,
				6AD5126E2ADAFC9B00DB4601 /* Model */,
				6AD5126D2ADAFC8C00DB4601 /* ViewModel */,
				6A5B06F92AD9E94400954723 /* TreasureQuestApp.swift */,
				6A5B06FD2AD9E94500954723 /* Assets.xcassets */,
				6A5B06FF2AD9E94500954723 /* Preview Content */,
			);
			path = TreasureQuest;
			sourceTree = "<group>";
		};
		6A5B06FF2AD9E94500954723 /* Preview Content */ = {
			isa = PBXGroup;
			children = (
				6A5B07002AD9E94500954723 /* Preview Assets.xcassets */,
			);
			path = "Preview Content";
			sourceTree = "<group>";
		};
		6A5B07092AD9E94500954723 /* TreasureQuestTests */ = {
			isa = PBXGroup;
			children = (
				6A5B070A2AD9E94500954723 /* TreasureQuestTests.swift */,
			);
			path = TreasureQuestTests;
			sourceTree = "<group>";
		};
		6A5B07132AD9E94500954723 /* TreasureQuestUITests */ = {
			isa = PBXGroup;
			children = (
				6A5B07142AD9E94500954723 /* TreasureQuestUITests.swift */,
				6A5B07162AD9E94500954723 /* TreasureQuestUITestsLaunchTests.swift */,
			);
			path = TreasureQuestUITests;
			sourceTree = "<group>";
		};
		6AD5126D2ADAFC8C00DB4601 /* ViewModel */ = {
			isa = PBXGroup;
			children = (
			);
			path = ViewModel;
			sourceTree = "<group>";
		};
		6AD5126E2ADAFC9B00DB4601 /* Model */ = {
			isa = PBXGroup;
			children = (
			);
			path = Model;
			sourceTree = "<group>";
		};
		6AD5126F2ADAFCAE00DB4601 /* View */ = {
			isa = PBXGroup;
			children = (
				6A5B06FB2AD9E94400954723 /* ContentView.swift */,
				6AD512722ADB665500DB4601 /* PlayView.swift */,
			);
			path = View;
			sourceTree = "<group>";
		};
		6AD512702ADAFCCD00DB4601 /* Util */ = {
			isa = PBXGroup;
			children = (
				6AD512742ADB740300DB4601 /* Color */,
				6AD512712ADAFCE600DB4601 /* Style */,
			);
			path = Util;
			sourceTree = "<group>";
		};
		6AD512712ADAFCE600DB4601 /* Style */ = {
			isa = PBXGroup;
			children = (
				6A5B07232ADA186100954723 /* ButtonStyle.swift */,
			);
			path = Style;
			sourceTree = "<group>";
		};
		6AD512742ADB740300DB4601 /* Color */ = {
			isa = PBXGroup;
			children = (
				6AD512752ADB741A00DB4601 /* TreasureColor.swift */,
			);
			path = Color;
			sourceTree = "<group>";
		};
/* End PBXGroup section */

/* Begin PBXNativeTarget section */
		6A5B06F52AD9E94400954723 /* TreasureQuest */ = {
			isa = PBXNativeTarget;
			buildConfigurationList = 6A5B071A2AD9E94500954723 /* Build configuration list for PBXNativeTarget "TreasureQuest" */;
			buildPhases = (
				6A5B06F22AD9E94400954723 /* Sources */,
				6A5B06F32AD9E94400954723 /* Frameworks */,
				6A5B06F42AD9E94400954723 /* Resources */,
			);
			buildRules = (
			);
			dependencies = (
			);
			name = TreasureQuest;
			productName = TreasureQuest;
			productReference = 6A5B06F62AD9E94400954723 /* TreasureQuest.app */;
			productType = "com.apple.product-type.application";
		};
		6A5B07052AD9E94500954723 /* TreasureQuestTests */ = {
			isa = PBXNativeTarget;
			buildConfigurationList = 6A5B071D2AD9E94500954723 /* Build configuration list for PBXNativeTarget "TreasureQuestTests" */;
			buildPhases = (
				6A5B07022AD9E94500954723 /* Sources */,
				6A5B07032AD9E94500954723 /* Frameworks */,
				6A5B07042AD9E94500954723 /* Resources */,
			);
			buildRules = (
			);
			dependencies = (
				6A5B07082AD9E94500954723 /* PBXTargetDependency */,
			);
			name = TreasureQuestTests;
			productName = TreasureQuestTests;
			productReference = 6A5B07062AD9E94500954723 /* TreasureQuestTests.xctest */;
			productType = "com.apple.product-type.bundle.unit-test";
		};
		6A5B070F2AD9E94500954723 /* TreasureQuestUITests */ = {
			isa = PBXNativeTarget;
			buildConfigurationList = 6A5B07202AD9E94500954723 /* Build configuration list for PBXNativeTarget "TreasureQuestUITests" */;
			buildPhases = (
				6A5B070C2AD9E94500954723 /* Sources */,
				6A5B070D2AD9E94500954723 /* Frameworks */,
				6A5B070E2AD9E94500954723 /* Resources */,
			);
			buildRules = (
			);
			dependencies = (
				6A5B07122AD9E94500954723 /* PBXTargetDependency */,
			);
			name = TreasureQuestUITests;
			productName = TreasureQuestUITests;
			productReference = 6A5B07102AD9E94500954723 /* TreasureQuestUITests.xctest */;
			productType = "com.apple.product-type.bundle.ui-testing";
		};
/* End PBXNativeTarget section */

/* Begin PBXProject section */
		6A5B06EE2AD9E94400954723 /* Project object */ = {
			isa = PBXProject;
			attributes = {
				BuildIndependentTargetsInParallel = 1;
				LastSwiftUpdateCheck = 1500;
				LastUpgradeCheck = 1500;
				TargetAttributes = {
					6A5B06F52AD9E94400954723 = {
						CreatedOnToolsVersion = 15.0;
					};
					6A5B07052AD9E94500954723 = {
						CreatedOnToolsVersion = 15.0;
						TestTargetID = 6A5B06F52AD9E94400954723;
					};
					6A5B070F2AD9E94500954723 = {
						CreatedOnToolsVersion = 15.0;
						TestTargetID = 6A5B06F52AD9E94400954723;
					};
				};
			};
			buildConfigurationList = 6A5B06F12AD9E94400954723 /* Build configuration list for PBXProject "TreasureQuest" */;
			compatibilityVersion = "Xcode 14.0";
			developmentRegion = en;
			hasScannedForEncodings = 0;
			knownRegions = (
				en,
				Base,
			);
			mainGroup = 6A5B06ED2AD9E94400954723;
			productRefGroup = 6A5B06F72AD9E94400954723 /* Products */;
			projectDirPath = "";
			projectRoot = "";
			targets = (
				6A5B06F52AD9E94400954723 /* TreasureQuest */,
				6A5B07052AD9E94500954723 /* TreasureQuestTests */,
				6A5B070F2AD9E94500954723 /* TreasureQuestUITests */,
			);
		};
/* End PBXProject section */

/* Begin PBXResourcesBuildPhase section */
		6A5B06F42AD9E94400954723 /* Resources */ = {
			isa = PBXResourcesBuildPhase;
			buildActionMask = 2147483647;
			files = (
				6A5B07012AD9E94500954723 /* Preview Assets.xcassets in Resources */,
				6A5B06FE2AD9E94500954723 /* Assets.xcassets in Resources */,
			);
			runOnlyForDeploymentPostprocessing = 0;
		};
		6A5B07042AD9E94500954723 /* Resources */ = {
			isa = PBXResourcesBuildPhase;
			buildActionMask = 2147483647;
			files = (
			);
			runOnlyForDeploymentPostprocessing = 0;
		};
		6A5B070E2AD9E94500954723 /* Resources */ = {
			isa = PBXResourcesBuildPhase;
			buildActionMask = 2147483647;
			files = (
			);
			runOnlyForDeploymentPostprocessing = 0;
		};
/* End PBXResourcesBuildPhase section */

/* Begin PBXSourcesBuildPhase section */
		6A5B06F22AD9E94400954723 /* Sources */ = {
			isa = PBXSourcesBuildPhase;
			buildActionMask = 2147483647;
			files = (
				6A5B07242ADA186100954723 /* ButtonStyle.swift in Sources */,
				6AD512762ADB741A00DB4601 /* TreasureColor.swift in Sources */,
				6A5B06FC2AD9E94400954723 /* ContentView.swift in Sources */,
				6AD512732ADB665500DB4601 /* PlayView.swift in Sources */,
				6A5B06FA2AD9E94400954723 /* TreasureQuestApp.swift in Sources */,
			);
			runOnlyForDeploymentPostprocessing = 0;
		};
		6A5B07022AD9E94500954723 /* Sources */ = {
			isa = PBXSourcesBuildPhase;
			buildActionMask = 2147483647;
			files = (
				6A5B070B2AD9E94500954723 /* TreasureQuestTests.swift in Sources */,
			);
			runOnlyForDeploymentPostprocessing = 0;
		};
		6A5B070C2AD9E94500954723 /* Sources */ = {
			isa = PBXSourcesBuildPhase;
			buildActionMask = 2147483647;
			files = (
				6A5B07172AD9E94500954723 /* TreasureQuestUITestsLaunchTests.swift in Sources */,
				6A5B07152AD9E94500954723 /* TreasureQuestUITests.swift in Sources */,
			);
			runOnlyForDeploymentPostprocessing = 0;
		};
/* End PBXSourcesBuildPhase section */

/* Begin PBXTargetDependency section */
		6A5B07082AD9E94500954723 /* PBXTargetDependency */ = {
			isa = PBXTargetDependency;
			target = 6A5B06F52AD9E94400954723 /* TreasureQuest */;
			targetProxy = 6A5B07072AD9E94500954723 /* PBXContainerItemProxy */;
		};
		6A5B07122AD9E94500954723 /* PBXTargetDependency */ = {
			isa = PBXTargetDependency;
			target = 6A5B06F52AD9E94400954723 /* TreasureQuest */;
			targetProxy = 6A5B07112AD9E94500954723 /* PBXContainerItemProxy */;
		};
/* End PBXTargetDependency section */

/* Begin XCBuildConfiguration section */
		6A5B07182AD9E94500954723 /* Debug */ = {
			isa = XCBuildConfiguration;
			buildSettings = {
				ALWAYS_SEARCH_USER_PATHS = NO;
				ASSETCATALOG_COMPILER_GENERATE_SWIFT_ASSET_SYMBOL_EXTENSIONS = YES;
				CLANG_ANALYZER_NONNULL = YES;
				CLANG_ANALYZER_NUMBER_OBJECT_CONVERSION = YES_AGGRESSIVE;
				CLANG_CXX_LANGUAGE_STANDARD = "gnu++20";
				CLANG_ENABLE_MODULES = YES;
				CLANG_ENABLE_OBJC_ARC = YES;
				CLANG_ENABLE_OBJC_WEAK = YES;
				CLANG_WARN_BLOCK_CAPTURE_AUTORELEASING = YES;
				CLANG_WARN_BOOL_CONVERSION = YES;
				CLANG_WARN_COMMA = YES;
				CLANG_WARN_CONSTANT_CONVERSION = YES;
				CLANG_WARN_DEPRECATED_OBJC_IMPLEMENTATIONS = YES;
				CLANG_WARN_DIRECT_OBJC_ISA_USAGE = YES_ERROR;
				CLANG_WARN_DOCUMENTATION_COMMENTS = YES;
				CLANG_WARN_EMPTY_BODY = YES;
				CLANG_WARN_ENUM_CONVERSION = YES;
				CLANG_WARN_INFINITE_RECURSION = YES;
				CLANG_WARN_INT_CONVERSION = YES;
				CLANG_WARN_NON_LITERAL_NULL_CONVERSION = YES;
				CLANG_WARN_OBJC_IMPLICIT_RETAIN_SELF = YES;
				CLANG_WARN_OBJC_LITERAL_CONVERSION = YES;
				CLANG_WARN_OBJC_ROOT_CLASS = YES_ERROR;
				CLANG_WARN_QUOTED_INCLUDE_IN_FRAMEWORK_HEADER = YES;
				CLANG_WARN_RANGE_LOOP_ANALYSIS = YES;
				CLANG_WARN_STRICT_PROTOTYPES = YES;
				CLANG_WARN_SUSPICIOUS_MOVE = YES;
				CLANG_WARN_UNGUARDED_AVAILABILITY = YES_AGGRESSIVE;
				CLANG_WARN_UNREACHABLE_CODE = YES;
				CLANG_WARN__DUPLICATE_METHOD_MATCH = YES;
				COPY_PHASE_STRIP = NO;
				DEBUG_INFORMATION_FORMAT = dwarf;
				ENABLE_STRICT_OBJC_MSGSEND = YES;
				ENABLE_TESTABILITY = YES;
				ENABLE_USER_SCRIPT_SANDBOXING = YES;
				GCC_C_LANGUAGE_STANDARD = gnu17;
				GCC_DYNAMIC_NO_PIC = NO;
				GCC_NO_COMMON_BLOCKS = YES;
				GCC_OPTIMIZATION_LEVEL = 0;
				GCC_PREPROCESSOR_DEFINITIONS = (
					"DEBUG=1",
					"$(inherited)",
				);
				GCC_WARN_64_TO_32_BIT_CONVERSION = YES;
				GCC_WARN_ABOUT_RETURN_TYPE = YES_ERROR;
				GCC_WARN_UNDECLARED_SELECTOR = YES;
				GCC_WARN_UNINITIALIZED_AUTOS = YES_AGGRESSIVE;
				GCC_WARN_UNUSED_FUNCTION = YES;
				GCC_WARN_UNUSED_VARIABLE = YES;
				IPHONEOS_DEPLOYMENT_TARGET = 17.0;
				LOCALIZATION_PREFERS_STRING_CATALOGS = YES;
				MTL_ENABLE_DEBUG_INFO = INCLUDE_SOURCE;
				MTL_FAST_MATH = YES;
				ONLY_ACTIVE_ARCH = YES;
				SDKROOT = iphoneos;
				SWIFT_ACTIVE_COMPILATION_CONDITIONS = "DEBUG $(inherited)";
				SWIFT_OPTIMIZATION_LEVEL = "-Onone";
			};
			name = Debug;
		};
		6A5B07192AD9E94500954723 /* Release */ = {
			isa = XCBuildConfiguration;
			buildSettings = {
				ALWAYS_SEARCH_USER_PATHS = NO;
				ASSETCATALOG_COMPILER_GENERATE_SWIFT_ASSET_SYMBOL_EXTENSIONS = YES;
				CLANG_ANALYZER_NONNULL = YES;
				CLANG_ANALYZER_NUMBER_OBJECT_CONVERSION = YES_AGGRESSIVE;
				CLANG_CXX_LANGUAGE_STANDARD = "gnu++20";
				CLANG_ENABLE_MODULES = YES;
				CLANG_ENABLE_OBJC_ARC = YES;
				CLANG_ENABLE_OBJC_WEAK = YES;
				CLANG_WARN_BLOCK_CAPTURE_AUTORELEASING = YES;
				CLANG_WARN_BOOL_CONVERSION = YES;
				CLANG_WARN_COMMA = YES;
				CLANG_WARN_CONSTANT_CONVERSION = YES;
				CLANG_WARN_DEPRECATED_OBJC_IMPLEMENTATIONS = YES;
				CLANG_WARN_DIRECT_OBJC_ISA_USAGE = YES_ERROR;
				CLANG_WARN_DOCUMENTATION_COMMENTS = YES;
				CLANG_WARN_EMPTY_BODY = YES;
				CLANG_WARN_ENUM_CONVERSION = YES;
				CLANG_WARN_INFINITE_RECURSION = YES;
				CLANG_WARN_INT_CONVERSION = YES;
				CLANG_WARN_NON_LITERAL_NULL_CONVERSION = YES;
				CLANG_WARN_OBJC_IMPLICIT_RETAIN_SELF = YES;
				CLANG_WARN_OBJC_LITERAL_CONVERSION = YES;
				CLANG_WARN_OBJC_ROOT_CLASS = YES_ERROR;
				CLANG_WARN_QUOTED_INCLUDE_IN_FRAMEWORK_HEADER = YES;
				CLANG_WARN_RANGE_LOOP_ANALYSIS = YES;
				CLANG_WARN_STRICT_PROTOTYPES = YES;
				CLANG_WARN_SUSPICIOUS_MOVE = YES;
				CLANG_WARN_UNGUARDED_AVAILABILITY = YES_AGGRESSIVE;
				CLANG_WARN_UNREACHABLE_CODE = YES;
				CLANG_WARN__DUPLICATE_METHOD_MATCH = YES;
				COPY_PHASE_STRIP = NO;
				DEBUG_INFORMATION_FORMAT = "dwarf-with-dsym";
				ENABLE_NS_ASSERTIONS = NO;
				ENABLE_STRICT_OBJC_MSGSEND = YES;
				ENABLE_USER_SCRIPT_SANDBOXING = YES;
				GCC_C_LANGUAGE_STANDARD = gnu17;
				GCC_NO_COMMON_BLOCKS = YES;
				GCC_WARN_64_TO_32_BIT_CONVERSION = YES;
				GCC_WARN_ABOUT_RETURN_TYPE = YES_ERROR;
				GCC_WARN_UNDECLARED_SELECTOR = YES;
				GCC_WARN_UNINITIALIZED_AUTOS = YES_AGGRESSIVE;
				GCC_WARN_UNUSED_FUNCTION = YES;
				GCC_WARN_UNUSED_VARIABLE = YES;
				IPHONEOS_DEPLOYMENT_TARGET = 17.0;
				LOCALIZATION_PREFERS_STRING_CATALOGS = YES;
				MTL_ENABLE_DEBUG_INFO = NO;
				MTL_FAST_MATH = YES;
				SDKROOT = iphoneos;
				SWIFT_COMPILATION_MODE = wholemodule;
				VALIDATE_PRODUCT = YES;
			};
			name = Release;
		};
		6A5B071B2AD9E94500954723 /* Debug */ = {
			isa = XCBuildConfiguration;
			buildSettings = {
				ASSETCATALOG_COMPILER_APPICON_NAME = AppIcon;
				ASSETCATALOG_COMPILER_GLOBAL_ACCENT_COLOR_NAME = AccentColor;
				CODE_SIGN_STYLE = Automatic;
				CURRENT_PROJECT_VERSION = 1;
				DEVELOPMENT_ASSET_PATHS = "\"TreasureQuest/Preview Content\"";
				DEVELOPMENT_TEAM = KXGM472S7Y;
				ENABLE_PREVIEWS = YES;
				GENERATE_INFOPLIST_FILE = YES;
				INFOPLIST_KEY_UIApplicationSceneManifest_Generation = YES;
				INFOPLIST_KEY_UIApplicationSupportsIndirectInputEvents = YES;
				INFOPLIST_KEY_UILaunchScreen_Generation = YES;
				INFOPLIST_KEY_UISupportedInterfaceOrientations = UIInterfaceOrientationPortrait;
				LD_RUNPATH_SEARCH_PATHS = (
					"$(inherited)",
					"@executable_path/Frameworks",
				);
				MARKETING_VERSION = 1.0;
				PRODUCT_BUNDLE_IDENTIFIER = com.treasure.quest.app.TreasureQuest;
				PRODUCT_NAME = "$(TARGET_NAME)";
				SWIFT_EMIT_LOC_STRINGS = YES;
				SWIFT_VERSION = 5.0;
				TARGETED_DEVICE_FAMILY = "1,2";
			};
			name = Debug;
		};
		6A5B071C2AD9E94500954723 /* Release */ = {
			isa = XCBuildConfiguration;
			buildSettings = {
				ASSETCATALOG_COMPILER_APPICON_NAME = AppIcon;
				ASSETCATALOG_COMPILER_GLOBAL_ACCENT_COLOR_NAME = AccentColor;
				CODE_SIGN_STYLE = Automatic;
				CURRENT_PROJECT_VERSION = 1;
				DEVELOPMENT_ASSET_PATHS = "\"TreasureQuest/Preview Content\"";
				DEVELOPMENT_TEAM = KXGM472S7Y;
				ENABLE_PREVIEWS = YES;
				GENERATE_INFOPLIST_FILE = YES;
				INFOPLIST_KEY_UIApplicationSceneManifest_Generation = YES;
				INFOPLIST_KEY_UIApplicationSupportsIndirectInputEvents = YES;
				INFOPLIST_KEY_UILaunchScreen_Generation = YES;
				INFOPLIST_KEY_UISupportedInterfaceOrientations = UIInterfaceOrientationPortrait;
				LD_RUNPATH_SEARCH_PATHS = (
					"$(inherited)",
					"@executable_path/Frameworks",
				);
				MARKETING_VERSION = 1.0;
				PRODUCT_BUNDLE_IDENTIFIER = com.treasure.quest.app.TreasureQuest;
				PRODUCT_NAME = "$(TARGET_NAME)";
				SWIFT_EMIT_LOC_STRINGS = YES;
				SWIFT_VERSION = 5.0;
				TARGETED_DEVICE_FAMILY = "1,2";
			};
			name = Release;
		};
		6A5B071E2AD9E94500954723 /* Debug */ = {
			isa = XCBuildConfiguration;
			buildSettings = {
				ALWAYS_EMBED_SWIFT_STANDARD_LIBRARIES = YES;
				BUNDLE_LOADER = "$(TEST_HOST)";
				CODE_SIGN_STYLE = Automatic;
				CURRENT_PROJECT_VERSION = 1;
				DEVELOPMENT_TEAM = KXGM472S7Y;
				GENERATE_INFOPLIST_FILE = YES;
				IPHONEOS_DEPLOYMENT_TARGET = 17.0;
				MARKETING_VERSION = 1.0;
				PRODUCT_BUNDLE_IDENTIFIER = com.treasure.quest.app.TreasureQuestTests;
				PRODUCT_NAME = "$(TARGET_NAME)";
				SWIFT_EMIT_LOC_STRINGS = NO;
				SWIFT_VERSION = 5.0;
				TARGETED_DEVICE_FAMILY = "1,2";
				TEST_HOST = "$(BUILT_PRODUCTS_DIR)/TreasureQuest.app/$(BUNDLE_EXECUTABLE_FOLDER_PATH)/TreasureQuest";
			};
			name = Debug;
		};
		6A5B071F2AD9E94500954723 /* Release */ = {
			isa = XCBuildConfiguration;
			buildSettings = {
				ALWAYS_EMBED_SWIFT_STANDARD_LIBRARIES = YES;
				BUNDLE_LOADER = "$(TEST_HOST)";
				CODE_SIGN_STYLE = Automatic;
				CURRENT_PROJECT_VERSION = 1;
				DEVELOPMENT_TEAM = KXGM472S7Y;
				GENERATE_INFOPLIST_FILE = YES;
				IPHONEOS_DEPLOYMENT_TARGET = 17.0;
				MARKETING_VERSION = 1.0;
				PRODUCT_BUNDLE_IDENTIFIER = com.treasure.quest.app.TreasureQuestTests;
				PRODUCT_NAME = "$(TARGET_NAME)";
				SWIFT_EMIT_LOC_STRINGS = NO;
				SWIFT_VERSION = 5.0;
				TARGETED_DEVICE_FAMILY = "1,2";
				TEST_HOST = "$(BUILT_PRODUCTS_DIR)/TreasureQuest.app/$(BUNDLE_EXECUTABLE_FOLDER_PATH)/TreasureQuest";
			};
			name = Release;
		};
		6A5B07212AD9E94500954723 /* Debug */ = {
			isa = XCBuildConfiguration;
			buildSettings = {
				ALWAYS_EMBED_SWIFT_STANDARD_LIBRARIES = YES;
				CODE_SIGN_STYLE = Automatic;
				CURRENT_PROJECT_VERSION = 1;
				DEVELOPMENT_TEAM = KXGM472S7Y;
				GENERATE_INFOPLIST_FILE = YES;
				MARKETING_VERSION = 1.0;
				PRODUCT_BUNDLE_IDENTIFIER = com.treasure.quest.app.TreasureQuestUITests;
				PRODUCT_NAME = "$(TARGET_NAME)";
				SWIFT_EMIT_LOC_STRINGS = NO;
				SWIFT_VERSION = 5.0;
				TARGETED_DEVICE_FAMILY = "1,2";
				TEST_TARGET_NAME = TreasureQuest;
			};
			name = Debug;
		};
		6A5B07222AD9E94500954723 /* Release */ = {
			isa = XCBuildConfiguration;
			buildSettings = {
				ALWAYS_EMBED_SWIFT_STANDARD_LIBRARIES = YES;
				CODE_SIGN_STYLE = Automatic;
				CURRENT_PROJECT_VERSION = 1;
				DEVELOPMENT_TEAM = KXGM472S7Y;
				GENERATE_INFOPLIST_FILE = YES;
				MARKETING_VERSION = 1.0;
				PRODUCT_BUNDLE_IDENTIFIER = com.treasure.quest.app.TreasureQuestUITests;
				PRODUCT_NAME = "$(TARGET_NAME)";
				SWIFT_EMIT_LOC_STRINGS = NO;
				SWIFT_VERSION = 5.0;
				TARGETED_DEVICE_FAMILY = "1,2";
				TEST_TARGET_NAME = TreasureQuest;
			};
			name = Release;
		};
/* End XCBuildConfiguration section */

/* Begin XCConfigurationList section */
		6A5B06F12AD9E94400954723 /* Build configuration list for PBXProject "TreasureQuest" */ = {
			isa = XCConfigurationList;
			buildConfigurations = (
				6A5B07182AD9E94500954723 /* Debug */,
				6A5B07192AD9E94500954723 /* Release */,
			);
			defaultConfigurationIsVisible = 0;
			defaultConfigurationName = Release;
		};
		6A5B071A2AD9E94500954723 /* Build configuration list for PBXNativeTarget "TreasureQuest" */ = {
			isa = XCConfigurationList;
			buildConfigurations = (
				6A5B071B2AD9E94500954723 /* Debug */,
				6A5B071C2AD9E94500954723 /* Release */,
			);
			defaultConfigurationIsVisible = 0;
			defaultConfigurationName = Release;
		};
		6A5B071D2AD9E94500954723 /* Build configuration list for PBXNativeTarget "TreasureQuestTests" */ = {
			isa = XCConfigurationList;
			buildConfigurations = (
				6A5B071E2AD9E94500954723 /* Debug */,
				6A5B071F2AD9E94500954723 /* Release */,
			);
			defaultConfigurationIsVisible = 0;
			defaultConfigurationName = Release;
		};
		6A5B07202AD9E94500954723 /* Build configuration list for PBXNativeTarget "TreasureQuestUITests" */ = {
			isa = XCConfigurationList;
			buildConfigurations = (
				6A5B07212AD9E94500954723 /* Debug */,
				6A5B07222AD9E94500954723 /* Release */,
			);
			defaultConfigurationIsVisible = 0;
			defaultConfigurationName = Release;
		};
/* End XCConfigurationList section */
	};
	rootObject = 6A5B06EE2AD9E94400954723 /* Project object */;
}
